
Microsoft Visual Studio Solution File, Format Version 10.00
# Visual Studio 2008
Project("{2150E333-8FDC-42A3-9474-1A3956D46DE8}") = "Scripts", "Scripts", "{64E9AF14-7399-46B9-83FC-056FC63E4A1B}"
	ProjectSection(SolutionItems) = preProject
		Arrow.js = Arrow.js
		enchant.MultiTouch.js = enchant.MultiTouch.js
		main.js = main.js
		Planet.js = Planet.js
		TitleScene.js = TitleScene.js
		Unit.js = Unit.js
		WorldScene.js = WorldScene.js
	EndProjectSection
EndProject
Project("{2150E333-8FDC-42A3-9474-1A3956D46DE8}") = "media", "media", "{B040B1A5-BB41-4312-AE69-180BD2CBB59A}"
EndProject
Project("{2150E333-8FDC-42A3-9474-1A3956D46DE8}") = "html", "html", "{C1CFF6C5-4590-4122-80D8-C99CE38D27F7}"
	ProjectSection(SolutionItems) = preProject
		index.html = index.html
		index2.html = index2.html
	EndProjectSection
EndProject
Project("{2150E333-8FDC-42A3-9474-1A3956D46DE8}") = "server", "server", "{45E8349A-44A2-4FB4-8F63-B0C33FC437E7}"
EndProject
Project("{2150E333-8FDC-42A3-9474-1A3956D46DE8}") = "lib", "lib", "{299B5E89-9436-4025-B01C-7CB210D07891}"
	ProjectSection(SolutionItems) = preProject
		lib\draw.text.js = lib\draw.text.js
		lib\enchant.js = lib\enchant.js
		lib\nineleap.enchant.js = lib\nineleap.enchant.js
	EndProjectSection
EndProject
Global
	GlobalSection(SolutionProperties) = preSolution
		HideSolutionNode = FALSE
	EndGlobalSection
EndGlobal
